
Microsoft Visual Studio Solution File, Format Version 12.00
Project("{8BC9CEB8-8B4A-11D0-8D11-00A0C91BC942}") = "common", "common\common.vcxproj", "{FA05F811-9F5E-4634-9B9C-A575CA95C391}"
EndProject
Project("{8BC9CEB8-8B4A-11D0-8D11-00A0C91BC942}") = "server", "server\server.vcxproj", "{BB8740A5-58FF-4607-A869-191FE738B696}"
EndProject
Project("{8BC9CEB8-8B4A-11D0-8D11-00A0C91BC942}") = "client", "client\client.vcxproj", "{502307DF-F786-4165-BE3E-BDEA1053A489}"
EndProject
Global
	GlobalSection(SolutionConfigurationPlatforms) = preSolution
		Debug|x64 = Debug|x64
		Release|x64 = Release|x64
	EndGlobalSection
	GlobalSection(ProjectConfigurationPlatforms) = postSolution
		{FA05F811-9F5E-4634-9B9C-A575CA95C391}.Debug|x64.ActiveCfg = Debug|x64
		{FA05F811-9F5E-4634-9B9C-A575CA95C391}.Debug|x64.Build.0 = Debug|x64
		{FA05F811-9F5E-4634-9B9C-A575CA95C391}.Release|x64.ActiveCfg = Release|x64
		{FA05F811-9F5E-4634-9B9C-A575CA95C391}.Release|x64.Build.0 = Release|x64
		{BB8740A5-58FF-4607-A869-191FE738B696}.Debug|x64.ActiveCfg = Debug|x64
		{BB8740A5-58FF-4607-A869-191FE738B696}.Debug|x64.Build.0 = Debug|x64
		{BB8740A5-58FF-4607-A869-191FE738B696}.Release|x64.ActiveCfg = Release|x64
		{BB8740A5-58FF-4607-A869-191FE738B696}.Release|x64.Build.0 = Release|x64
		{502307DF-F786-4165-BE3E-BDEA1053A489}.Debug|x64.ActiveCfg = Debug|x64
		{502307DF-F786-4165-BE3E-BDEA1053A489}.Debug|x64.Build.0 = Debug|x64
		{502307DF-F786-4165-BE3E-BDEA1053A489}.Release|x64.ActiveCfg = Release|x64
		{502307DF-F786-4165-BE3E-BDEA1053A489}.Release|x64.Build.0 = Release|x64
	EndGlobalSection
EndGlobal
